
Microsoft Visual Studio Solution File, Format Version 12.00
# Visual Studio 15
VisualStudioVersion = 15.0.27130.2024
MinimumVisualStudioVersion = 10.0.40219.1
Project("{FAE04EC0-301F-11D3-BF4B-00C04F79EFBC}") = "BookStore.Common.ApiClients.Design", "BookStore.Common.ApiClients.Design.csproj", "{B4E4344A-996A-4994-BA4A-EFB2AD8F6982}"
EndProject
Global
	GlobalSection(SolutionConfigurationPlatforms) = preSolution
		Debug|Any CPU = Debug|Any CPU
		Release|Any CPU = Release|Any CPU
	EndGlobalSection
	GlobalSection(ProjectConfigurationPlatforms) = postSolution
		{B4E4344A-996A-4994-BA4A-EFB2AD8F6982}.Debug|Any CPU.ActiveCfg = Debug|Any CPU
		{B4E4344A-996A-4994-BA4A-EFB2AD8F6982}.Debug|Any CPU.Build.0 = Debug|Any CPU
		{B4E4344A-996A-4994-BA4A-EFB2AD8F6982}.Release|Any CPU.ActiveCfg = Release|Any CPU
		{B4E4344A-996A-4994-BA4A-EFB2AD8F6982}.Release|Any CPU.Build.0 = Release|Any CPU
	EndGlobalSection
	GlobalSection(SolutionProperties) = preSolution
		HideSolutionNode = FALSE
	EndGlobalSection
	GlobalSection(ExtensibilityGlobals) = postSolution
		SolutionGuid = {A4F6CFF2-86B8-41D8-BDAD-1A40928503E7}
	EndGlobalSection
EndGlobal
